
Microsoft Visual Studio Solution File, Format Version 12.00
# Visual Studio Version 16
VisualStudioVersion = 25.0.1706.14
MinimumVisualStudioVersion = 10.0.40219.1
Project("{FAE04EC0-301F-11D3-BF4B-00C04F79EFBC}") = "practicdynamicinput", "practicdynamicinput\practicdynamicinput.csproj", "{2FFB93F8-7878-40D4-96B3-78816017CD87}"
EndProject
Global
	GlobalSection(SolutionConfigurationPlatforms) = preSolution
		Debug|Any CPU = Debug|Any CPU
		Release|Any CPU = Release|Any CPU
	EndGlobalSection
	GlobalSection(ProjectConfigurationPlatforms) = postSolution
		{2FFB93F8-7878-40D4-96B3-78816017CD87}.Debug|Any CPU.ActiveCfg = Debug|Any CPU
		{2FFB93F8-7878-40D4-96B3-78816017CD87}.Debug|Any CPU.Build.0 = Debug|Any CPU
		{2FFB93F8-7878-40D4-96B3-78816017CD87}.Release|Any CPU.ActiveCfg = Release|Any CPU
		{2FFB93F8-7878-40D4-96B3-78816017CD87}.Release|Any CPU.Build.0 = Release|Any CPU
	EndGlobalSection
	GlobalSection(SolutionProperties) = preSolution
		HideSolutionNode = FALSE
	EndGlobalSection
	GlobalSection(ExtensibilityGlobals) = postSolution
		SolutionGuid = {7E08CF6C-8B72-4729-9371-C1A123836BF7}
	EndGlobalSection
EndGlobal
